{
  "originHash" : "1d3269ec6ef7a3d9a10b9d3cc53bfd207a07ae67b8f251b18da218e827fd0bff",
  "pins" : [
    {
      "identity" : "haptics",
      "kind" : "remoteSourceControl",
      "location" : "https://github.com/neon443/Haptics",
      "state" : {
        "branch" : "main",
        "revision" : "90e080694752c1af657d2f7ac2dce22eaf439391"
      }
    }
  ],
  "version" : 3
}
