// !$*UTF8*$!
{
	archiveVersion = 1;
	classes = {
	};
	objectVersion = 77;
	objects = {

/* Begin PBXBuildFile section */
		A9104C752EB3AE4700D160EA /* Icon.pxd in Resources */ = {isa = PBXBuildFile; fileRef = A9104C722EB3AE4700D160EA /* Icon.pxd */; };
		A9104C762EB3AE4700D160EA /* StickerSlack.icon in Resources */ = {isa = PBXBuildFile; fileRef = A9104C732EB3AE4700D160EA /* StickerSlack.icon */; };
		A9104C772EB3AE4700D160EA /* Icon.pxd in Resources */ = {isa = PBXBuildFile; fileRef = A9104C722EB3AE4700D160EA /* Icon.pxd */; };
		A9104C782EB3AE4700D160EA /* StickerSlack.icon in Resources */ = {isa = PBXBuildFile; fileRef = A9104C732EB3AE4700D160EA /* StickerSlack.icon */; };
		A9104C7C2EB3AE6300D160EA /* Assets.xcassets in Resources */ = {isa = PBXBuildFile; fileRef = A949B1EF2EA04E8200215164 /* Assets.xcassets */; };
		A9104C7F2EB4022500D160EA /* MSSticker.swift in Sources */ = {isa = PBXBuildFile; fileRef = A9104C7D2EB4022500D160EA /* MSSticker.swift */; };
		A9104C802EB4022500D160EA /* MSSticker.swift in Sources */ = {isa = PBXBuildFile; fileRef = A9104C7D2EB4022500D160EA /* MSSticker.swift */; };
		A9112EAC2EAFFDB0006739E2 /* Haptics in Frameworks */ = {isa = PBXBuildFile; productRef = A9112EAB2EAFFDB0006739E2 /* Haptics */; };
		A924C3732EA9127200F20781 /* Emoji.swift in Sources */ = {isa = PBXBuildFile; fileRef = A924C3712EA9127200F20781 /* Emoji.swift */; };
		A924C3782EA9225800F20781 /* Haptics in Frameworks */ = {isa = PBXBuildFile; productRef = A924C3772EA9225800F20781 /* Haptics */; };
		A935437B2EB2A3C800BB80A4 /* FilterCategory.swift in Sources */ = {isa = PBXBuildFile; fileRef = A935437A2EB2A3C800BB80A4 /* FilterCategory.swift */; };
		A940FE3D2EA232590016870B /* ApiEmoji.swift in Sources */ = {isa = PBXBuildFile; fileRef = A940FE3C2EA232590016870B /* ApiEmoji.swift */; };
		A949B1F32EA04E8200215164 /* Assets.xcassets in Resources */ = {isa = PBXBuildFile; fileRef = A949B1EF2EA04E8200215164 /* Assets.xcassets */; };
		A949B1F42EA04E8200215164 /* ContentView.swift in Sources */ = {isa = PBXBuildFile; fileRef = A949B1F02EA04E8200215164 /* ContentView.swift */; };
		A949B1F52EA04E8200215164 /* StickerSlackApp.swift in Sources */ = {isa = PBXBuildFile; fileRef = A949B1F12EA04E8200215164 /* StickerSlackApp.swift */; };
		A949B1F82EA04F2300215164 /* EmojiHoarder.swift in Sources */ = {isa = PBXBuildFile; fileRef = A949B1F72EA04F2300215164 /* EmojiHoarder.swift */; };
		A949B1FB2EA0518800215164 /* SlackResponse.swift in Sources */ = {isa = PBXBuildFile; fileRef = A949B1FA2EA0518800215164 /* SlackResponse.swift */; };
		A9773C2F2EA54AF000F3B753 /* EmojiPreview.swift in Sources */ = {isa = PBXBuildFile; fileRef = A9773C2E2EA54AF000F3B753 /* EmojiPreview.swift */; };
		A986A6AE2EB658DF00B6E0FA /* Messages.framework in Frameworks */ = {isa = PBXBuildFile; fileRef = A969D6932EA3E86500399C05 /* Messages.framework */; };
		A986A6BA2EB658E100B6E0FA /* StickerSlackiMessageApp.appex in Embed Foundation Extensions */ = {isa = PBXBuildFile; fileRef = A986A6AD2EB658DF00B6E0FA /* StickerSlackiMessageApp.appex */; settings = {ATTRIBUTES = (RemoveHeadersOnCopy, ); }; };
		A986A6C12EB6595F00B6E0FA /* EmojiHoarder.swift in Sources */ = {isa = PBXBuildFile; fileRef = A949B1F72EA04F2300215164 /* EmojiHoarder.swift */; };
		A986A6C22EB6597600B6E0FA /* Emoji.swift in Sources */ = {isa = PBXBuildFile; fileRef = A924C3712EA9127200F20781 /* Emoji.swift */; };
		A986A6C32EB6598100B6E0FA /* FilterCategory.swift in Sources */ = {isa = PBXBuildFile; fileRef = A935437A2EB2A3C800BB80A4 /* FilterCategory.swift */; };
		A986A6C42EB6598500B6E0FA /* SlackResponse.swift in Sources */ = {isa = PBXBuildFile; fileRef = A949B1FA2EA0518800215164 /* SlackResponse.swift */; };
		A986A6C52EB6599700B6E0FA /* ApiEmoji.swift in Sources */ = {isa = PBXBuildFile; fileRef = A940FE3C2EA232590016870B /* ApiEmoji.swift */; };
		A986A6CD2EB659E000B6E0FA /* MessagesViewController.swift in Sources */ = {isa = PBXBuildFile; fileRef = A986A6CA2EB659E000B6E0FA /* MessagesViewController.swift */; };
		A986A6CE2EB659E000B6E0FA /* StickerBrowserDataSource.swift in Sources */ = {isa = PBXBuildFile; fileRef = A986A6CB2EB659E000B6E0FA /* StickerBrowserDataSource.swift */; };
		A986A6CF2EB659E000B6E0FA /* Assets.xcassets in Resources */ = {isa = PBXBuildFile; fileRef = A986A6C62EB659E000B6E0FA /* Assets.xcassets */; };
		A986A6D12EB659E000B6E0FA /* MainInterface.storyboard in Resources */ = {isa = PBXBuildFile; fileRef = A986A6C92EB659E000B6E0FA /* MainInterface.storyboard */; };
		A9B9A82E2EB2CCBE004C9245 /* StickerSlackTests.swift in Sources */ = {isa = PBXBuildFile; fileRef = A9B9A82C2EB2CCBE004C9245 /* StickerSlackTests.swift */; };
		A9B9A82F2EB2CCED004C9245 /* EmojiHoarder.swift in Sources */ = {isa = PBXBuildFile; fileRef = A949B1F72EA04F2300215164 /* EmojiHoarder.swift */; };
		A9B9A8302EB2CD0B004C9245 /* Emoji.swift in Sources */ = {isa = PBXBuildFile; fileRef = A924C3712EA9127200F20781 /* Emoji.swift */; };
		A9B9A8312EB2CD14004C9245 /* FilterCategory.swift in Sources */ = {isa = PBXBuildFile; fileRef = A935437A2EB2A3C800BB80A4 /* FilterCategory.swift */; };
		A9B9A8322EB2CD29004C9245 /* SlackResponse.swift in Sources */ = {isa = PBXBuildFile; fileRef = A949B1FA2EA0518800215164 /* SlackResponse.swift */; };
		A9B9A8332EB2CD4B004C9245 /* ApiEmoji.swift in Sources */ = {isa = PBXBuildFile; fileRef = A940FE3C2EA232590016870B /* ApiEmoji.swift */; };
		A9D15B8B2EB1142C00404792 /* EmojiPack.swift in Sources */ = {isa = PBXBuildFile; fileRef = A9D15B892EB1142C00404792 /* EmojiPack.swift */; };
/* End PBXBuildFile section */

/* Begin PBXContainerItemProxy section */
		A986A6B82EB658E100B6E0FA /* PBXContainerItemProxy */ = {
			isa = PBXContainerItemProxy;
			containerPortal = A949B1D72EA04C0B00215164 /* Project object */;
			proxyType = 1;
			remoteGlobalIDString = A986A6AC2EB658DF00B6E0FA;
			remoteInfo = StickerSlackiMessageApp;
		};
		A9B9A8272EB2CCB5004C9245 /* PBXContainerItemProxy */ = {
			isa = PBXContainerItemProxy;
			containerPortal = A949B1D72EA04C0B00215164 /* Project object */;
			proxyType = 1;
			remoteGlobalIDString = A949B1DE2EA04C0B00215164;
			remoteInfo = StickerSlack;
		};
/* End PBXContainerItemProxy section */

/* Begin PBXCopyFilesBuildPhase section */
		A969D6A12EA3E86600399C05 /* Embed Foundation Extensions */ = {
			isa = PBXCopyFilesBuildPhase;
			buildActionMask = 2147483647;
			dstPath = "";
			dstSubfolderSpec = 13;
			files = (
				A986A6BA2EB658E100B6E0FA /* StickerSlackiMessageApp.appex in Embed Foundation Extensions */,
			);
			name = "Embed Foundation Extensions";
			runOnlyForDeploymentPostprocessing = 0;
		};
/* End PBXCopyFilesBuildPhase section */

/* Begin PBXFileReference section */
		A9104C722EB3AE4700D160EA /* Icon.pxd */ = {isa = PBXFileReference; lastKnownFileType = file; path = Icon.pxd; sourceTree = "<group>"; };
		A9104C732EB3AE4700D160EA /* StickerSlack.icon */ = {isa = PBXFileReference; lastKnownFileType = folder.iconcomposer.icon; path = StickerSlack.icon; sourceTree = "<group>"; };
		A9104C7D2EB4022500D160EA /* MSSticker.swift */ = {isa = PBXFileReference; lastKnownFileType = sourcecode.swift; path = MSSticker.swift; sourceTree = "<group>"; };
		A924C3712EA9127200F20781 /* Emoji.swift */ = {isa = PBXFileReference; lastKnownFileType = sourcecode.swift; path = Emoji.swift; sourceTree = "<group>"; };
		A924C3742EA9134C00F20781 /* StickerSlack.entitlements */ = {isa = PBXFileReference; lastKnownFileType = text.plist.entitlements; path = StickerSlack.entitlements; sourceTree = "<group>"; };
		A935437A2EB2A3C800BB80A4 /* FilterCategory.swift */ = {isa = PBXFileReference; lastKnownFileType = sourcecode.swift; path = FilterCategory.swift; sourceTree = "<group>"; };
		A940FE3C2EA232590016870B /* ApiEmoji.swift */ = {isa = PBXFileReference; lastKnownFileType = sourcecode.swift; path = ApiEmoji.swift; sourceTree = "<group>"; };
		A949B1DF2EA04C0B00215164 /* StickerSlack.app */ = {isa = PBXFileReference; explicitFileType = wrapper.application; includeInIndex = 0; path = StickerSlack.app; sourceTree = BUILT_PRODUCTS_DIR; };
		A949B1EF2EA04E8200215164 /* Assets.xcassets */ = {isa = PBXFileReference; lastKnownFileType = folder.assetcatalog; path = Assets.xcassets; sourceTree = "<group>"; };
		A949B1F02EA04E8200215164 /* ContentView.swift */ = {isa = PBXFileReference; lastKnownFileType = sourcecode.swift; path = ContentView.swift; sourceTree = "<group>"; };
		A949B1F12EA04E8200215164 /* StickerSlackApp.swift */ = {isa = PBXFileReference; lastKnownFileType = sourcecode.swift; path = StickerSlackApp.swift; sourceTree = "<group>"; };
		A949B1F72EA04F2300215164 /* EmojiHoarder.swift */ = {isa = PBXFileReference; lastKnownFileType = sourcecode.swift; path = EmojiHoarder.swift; sourceTree = "<group>"; };
		A949B1FA2EA0518800215164 /* SlackResponse.swift */ = {isa = PBXFileReference; lastKnownFileType = sourcecode.swift; path = SlackResponse.swift; sourceTree = "<group>"; };
		A950E87D2EB57F1100A9F873 /* StickerSlack.xctestplan */ = {isa = PBXFileReference; lastKnownFileType = text; path = StickerSlack.xctestplan; sourceTree = "<group>"; };
		A950E8802EB6C13700A9F873 /* StickerSlackiMessageApp.entitlements */ = {isa = PBXFileReference; lastKnownFileType = text.plist.entitlements; path = StickerSlackiMessageApp.entitlements; sourceTree = "<group>"; };
		A969D6932EA3E86500399C05 /* Messages.framework */ = {isa = PBXFileReference; lastKnownFileType = wrapper.framework; name = Messages.framework; path = Library/Frameworks/Messages.framework; sourceTree = DEVELOPER_DIR; };
		A9773C2E2EA54AF000F3B753 /* EmojiPreview.swift */ = {isa = PBXFileReference; lastKnownFileType = sourcecode.swift; path = EmojiPreview.swift; sourceTree = "<group>"; };
		A986A6AD2EB658DF00B6E0FA /* StickerSlackiMessageApp.appex */ = {isa = PBXFileReference; explicitFileType = "wrapper.app-extension"; includeInIndex = 0; path = StickerSlackiMessageApp.appex; sourceTree = BUILT_PRODUCTS_DIR; };
		A986A6C62EB659E000B6E0FA /* Assets.xcassets */ = {isa = PBXFileReference; lastKnownFileType = folder.assetcatalog; path = Assets.xcassets; sourceTree = "<group>"; };
		A986A6C72EB659E000B6E0FA /* Info.plist */ = {isa = PBXFileReference; lastKnownFileType = text.plist.xml; path = Info.plist; sourceTree = "<group>"; };
		A986A6C82EB659E000B6E0FA /* Base */ = {isa = PBXFileReference; lastKnownFileType = file.storyboard; name = Base; path = Base.lproj/MainInterface.storyboard; sourceTree = "<group>"; };
		A986A6CA2EB659E000B6E0FA /* MessagesViewController.swift */ = {isa = PBXFileReference; lastKnownFileType = sourcecode.swift; path = MessagesViewController.swift; sourceTree = "<group>"; };
		A986A6CB2EB659E000B6E0FA /* StickerBrowserDataSource.swift */ = {isa = PBXFileReference; lastKnownFileType = sourcecode.swift; path = StickerBrowserDataSource.swift; sourceTree = "<group>"; };
		A9B9A8232EB2CCB5004C9245 /* StickerSlackTests.xctest */ = {isa = PBXFileReference; explicitFileType = wrapper.cfbundle; includeInIndex = 0; path = StickerSlackTests.xctest; sourceTree = BUILT_PRODUCTS_DIR; };
		A9B9A82C2EB2CCBE004C9245 /* StickerSlackTests.swift */ = {isa = PBXFileReference; lastKnownFileType = sourcecode.swift; path = StickerSlackTests.swift; sourceTree = "<group>"; };
		A9D15B892EB1142C00404792 /* EmojiPack.swift */ = {isa = PBXFileReference; lastKnownFileType = sourcecode.swift; path = EmojiPack.swift; sourceTree = "<group>"; };
		A9E2ECD72EB74CE00038B2D6 /* Config.xcconfig */ = {isa = PBXFileReference; lastKnownFileType = text.xcconfig; path = Config.xcconfig; sourceTree = "<group>"; };
/* End PBXFileReference section */

/* Begin PBXFrameworksBuildPhase section */
		A949B1DC2EA04C0B00215164 /* Frameworks */ = {
			isa = PBXFrameworksBuildPhase;
			buildActionMask = 2147483647;
			files = (
				A924C3782EA9225800F20781 /* Haptics in Frameworks */,
				A9112EAC2EAFFDB0006739E2 /* Haptics in Frameworks */,
			);
			runOnlyForDeploymentPostprocessing = 0;
		};
		A986A6AA2EB658DF00B6E0FA /* Frameworks */ = {
			isa = PBXFrameworksBuildPhase;
			buildActionMask = 2147483647;
			files = (
				A986A6AE2EB658DF00B6E0FA /* Messages.framework in Frameworks */,
			);
			runOnlyForDeploymentPostprocessing = 0;
		};
		A9B9A8202EB2CCB5004C9245 /* Frameworks */ = {
			isa = PBXFrameworksBuildPhase;
			buildActionMask = 2147483647;
			files = (
			);
			runOnlyForDeploymentPostprocessing = 0;
		};
/* End PBXFrameworksBuildPhase section */

/* Begin PBXGroup section */
		A9104C742EB3AE4700D160EA /* Resources */ = {
			isa = PBXGroup;
			children = (
				A9104C732EB3AE4700D160EA /* StickerSlack.icon */,
				A949B1EF2EA04E8200215164 /* Assets.xcassets */,
				A9104C722EB3AE4700D160EA /* Icon.pxd */,
			);
			path = Resources;
			sourceTree = "<group>";
		};
		A9104C812EB4022E00D160EA /* Extensions */ = {
			isa = PBXGroup;
			children = (
				A9104C7D2EB4022500D160EA /* MSSticker.swift */,
			);
			path = Extensions;
			sourceTree = "<group>";
		};
		A949B1D62EA04C0B00215164 = {
			isa = PBXGroup;
			children = (
				A9E2ECD72EB74CE00038B2D6 /* Config.xcconfig */,
				A949B1F22EA04E8200215164 /* StickerSlack */,
				A9104C742EB3AE4700D160EA /* Resources */,
				A986A6CC2EB659E000B6E0FA /* StickerSlackiMessageApp */,
				A9B9A82D2EB2CCBE004C9245 /* StickerSlackTests */,
				A969D6922EA3E86500399C05 /* Frameworks */,
				A949B1E02EA04C0B00215164 /* Products */,
			);
			sourceTree = "<group>";
		};
		A949B1E02EA04C0B00215164 /* Products */ = {
			isa = PBXGroup;
			children = (
				A949B1DF2EA04C0B00215164 /* StickerSlack.app */,
				A9B9A8232EB2CCB5004C9245 /* StickerSlackTests.xctest */,
				A986A6AD2EB658DF00B6E0FA /* StickerSlackiMessageApp.appex */,
			);
			name = Products;
			sourceTree = "<group>";
		};
		A949B1EE2EA04E8200215164 /* Views */ = {
			isa = PBXGroup;
			children = (
				A949B1F02EA04E8200215164 /* ContentView.swift */,
				A9773C2E2EA54AF000F3B753 /* EmojiPreview.swift */,
			);
			path = Views;
			sourceTree = "<group>";
		};
		A949B1F22EA04E8200215164 /* StickerSlack */ = {
			isa = PBXGroup;
			children = (
				A924C3742EA9134C00F20781 /* StickerSlack.entitlements */,
				A949B1F12EA04E8200215164 /* StickerSlackApp.swift */,
				A949B1F72EA04F2300215164 /* EmojiHoarder.swift */,
				A949B1F92EA0517800215164 /* Emoji */,
				A9104C812EB4022E00D160EA /* Extensions */,
				A949B1EE2EA04E8200215164 /* Views */,
			);
			path = StickerSlack;
			sourceTree = "<group>";
		};
		A949B1F92EA0517800215164 /* Emoji */ = {
			isa = PBXGroup;
			children = (
				A949B1FA2EA0518800215164 /* SlackResponse.swift */,
				A940FE3C2EA232590016870B /* ApiEmoji.swift */,
				A924C3712EA9127200F20781 /* Emoji.swift */,
				A9D15B892EB1142C00404792 /* EmojiPack.swift */,
				A935437A2EB2A3C800BB80A4 /* FilterCategory.swift */,
			);
			path = Emoji;
			sourceTree = "<group>";
		};
		A969D6922EA3E86500399C05 /* Frameworks */ = {
			isa = PBXGroup;
			children = (
				A969D6932EA3E86500399C05 /* Messages.framework */,
			);
			name = Frameworks;
			sourceTree = "<group>";
		};
		A986A6CC2EB659E000B6E0FA /* StickerSlackiMessageApp */ = {
			isa = PBXGroup;
			children = (
				A950E8802EB6C13700A9F873 /* StickerSlackiMessageApp.entitlements */,
				A986A6C62EB659E000B6E0FA /* Assets.xcassets */,
				A986A6C72EB659E000B6E0FA /* Info.plist */,
				A986A6C92EB659E000B6E0FA /* MainInterface.storyboard */,
				A986A6CA2EB659E000B6E0FA /* MessagesViewController.swift */,
				A986A6CB2EB659E000B6E0FA /* StickerBrowserDataSource.swift */,
			);
			path = StickerSlackiMessageApp;
			sourceTree = "<group>";
		};
		A9B9A82D2EB2CCBE004C9245 /* StickerSlackTests */ = {
			isa = PBXGroup;
			children = (
				A9B9A82C2EB2CCBE004C9245 /* StickerSlackTests.swift */,
				A950E87D2EB57F1100A9F873 /* StickerSlack.xctestplan */,
			);
			path = StickerSlackTests;
			sourceTree = "<group>";
		};
/* End PBXGroup section */

/* Begin PBXNativeTarget section */
		A949B1DE2EA04C0B00215164 /* StickerSlack */ = {
			isa = PBXNativeTarget;
			buildConfigurationList = A949B1EA2EA04C0C00215164 /* Build configuration list for PBXNativeTarget "StickerSlack" */;
			buildPhases = (
				A949B1DB2EA04C0B00215164 /* Sources */,
				A949B1DC2EA04C0B00215164 /* Frameworks */,
				A949B1DD2EA04C0B00215164 /* Resources */,
				A969D6A12EA3E86600399C05 /* Embed Foundation Extensions */,
			);
			buildRules = (
			);
			dependencies = (
				A986A6B92EB658E100B6E0FA /* PBXTargetDependency */,
			);
			name = StickerSlack;
			packageProductDependencies = (
				A924C3772EA9225800F20781 /* Haptics */,
				A9112EAB2EAFFDB0006739E2 /* Haptics */,
			);
			productName = StickerSlack;
			productReference = A949B1DF2EA04C0B00215164 /* StickerSlack.app */;
			productType = "com.apple.product-type.application";
		};
		A986A6AC2EB658DF00B6E0FA /* StickerSlackiMessageApp */ = {
			isa = PBXNativeTarget;
			buildConfigurationList = A986A6BC2EB658E100B6E0FA /* Build configuration list for PBXNativeTarget "StickerSlackiMessageApp" */;
			buildPhases = (
				A986A6A92EB658DF00B6E0FA /* Sources */,
				A986A6AA2EB658DF00B6E0FA /* Frameworks */,
				A986A6AB2EB658DF00B6E0FA /* Resources */,
			);
			buildRules = (
			);
			dependencies = (
			);
			name = StickerSlackiMessageApp;
			packageProductDependencies = (
			);
			productName = StickerSlackiMessageApp;
			productReference = A986A6AD2EB658DF00B6E0FA /* StickerSlackiMessageApp.appex */;
			productType = "com.apple.product-type.app-extension.messages";
		};
		A9B9A8222EB2CCB5004C9245 /* StickerSlackTests */ = {
			isa = PBXNativeTarget;
			buildConfigurationList = A9B9A8292EB2CCB5004C9245 /* Build configuration list for PBXNativeTarget "StickerSlackTests" */;
			buildPhases = (
				A9B9A81F2EB2CCB5004C9245 /* Sources */,
				A9B9A8202EB2CCB5004C9245 /* Frameworks */,
				A9B9A8212EB2CCB5004C9245 /* Resources */,
			);
			buildRules = (
			);
			dependencies = (
				A9B9A8282EB2CCB5004C9245 /* PBXTargetDependency */,
			);
			name = StickerSlackTests;
			packageProductDependencies = (
			);
			productName = StickerSlackTests;
			productReference = A9B9A8232EB2CCB5004C9245 /* StickerSlackTests.xctest */;
			productType = "com.apple.product-type.bundle.unit-test";
		};
/* End PBXNativeTarget section */

/* Begin PBXProject section */
		A949B1D72EA04C0B00215164 /* Project object */ = {
			isa = PBXProject;
			attributes = {
				BuildIndependentTargetsInParallel = 1;
				LastSwiftUpdateCheck = 2600;
				LastUpgradeCheck = 2600;
				TargetAttributes = {
					A949B1DE2EA04C0B00215164 = {
						CreatedOnToolsVersion = 26.0.1;
					};
					A986A6AC2EB658DF00B6E0FA = {
						CreatedOnToolsVersion = 26.0.1;
					};
					A9B9A8222EB2CCB5004C9245 = {
						CreatedOnToolsVersion = 26.0.1;
						TestTargetID = A949B1DE2EA04C0B00215164;
					};
				};
			};
			buildConfigurationList = A949B1DA2EA04C0B00215164 /* Build configuration list for PBXProject "StickerSlack" */;
			developmentRegion = en;
			hasScannedForEncodings = 0;
			knownRegions = (
				en,
				Base,
			);
			mainGroup = A949B1D62EA04C0B00215164;
			minimizedProjectReferenceProxies = 1;
			packageReferences = (
				A9112EAA2EAFFDB0006739E2 /* XCRemoteSwiftPackageReference "Haptics" */,
			);
			preferredProjectObjectVersion = 77;
			productRefGroup = A949B1E02EA04C0B00215164 /* Products */;
			projectDirPath = "";
			projectRoot = "";
			targets = (
				A949B1DE2EA04C0B00215164 /* StickerSlack */,
				A986A6AC2EB658DF00B6E0FA /* StickerSlackiMessageApp */,
				A9B9A8222EB2CCB5004C9245 /* StickerSlackTests */,
			);
		};
/* End PBXProject section */

/* Begin PBXResourcesBuildPhase section */
		A949B1DD2EA04C0B00215164 /* Resources */ = {
			isa = PBXResourcesBuildPhase;
			buildActionMask = 2147483647;
			files = (
				A9104C762EB3AE4700D160EA /* StickerSlack.icon in Resources */,
				A949B1F32EA04E8200215164 /* Assets.xcassets in Resources */,
				A9104C752EB3AE4700D160EA /* Icon.pxd in Resources */,
			);
			runOnlyForDeploymentPostprocessing = 0;
		};
		A986A6AB2EB658DF00B6E0FA /* Resources */ = {
			isa = PBXResourcesBuildPhase;
			buildActionMask = 2147483647;
			files = (
				A986A6CF2EB659E000B6E0FA /* Assets.xcassets in Resources */,
				A986A6D12EB659E000B6E0FA /* MainInterface.storyboard in Resources */,
			);
			runOnlyForDeploymentPostprocessing = 0;
		};
		A9B9A8212EB2CCB5004C9245 /* Resources */ = {
			isa = PBXResourcesBuildPhase;
			buildActionMask = 2147483647;
			files = (
				A9104C772EB3AE4700D160EA /* Icon.pxd in Resources */,
				A9104C7C2EB3AE6300D160EA /* Assets.xcassets in Resources */,
				A9104C782EB3AE4700D160EA /* StickerSlack.icon in Resources */,
			);
			runOnlyForDeploymentPostprocessing = 0;
		};
/* End PBXResourcesBuildPhase section */

/* Begin PBXSourcesBuildPhase section */
		A949B1DB2EA04C0B00215164 /* Sources */ = {
			isa = PBXSourcesBuildPhase;
			buildActionMask = 2147483647;
			files = (
				A940FE3D2EA232590016870B /* ApiEmoji.swift in Sources */,
				A949B1F42EA04E8200215164 /* ContentView.swift in Sources */,
				A949B1F52EA04E8200215164 /* StickerSlackApp.swift in Sources */,
				A9104C802EB4022500D160EA /* MSSticker.swift in Sources */,
				A949B1FB2EA0518800215164 /* SlackResponse.swift in Sources */,
				A935437B2EB2A3C800BB80A4 /* FilterCategory.swift in Sources */,
				A924C3732EA9127200F20781 /* Emoji.swift in Sources */,
				A9D15B8B2EB1142C00404792 /* EmojiPack.swift in Sources */,
				A949B1F82EA04F2300215164 /* EmojiHoarder.swift in Sources */,
				A9773C2F2EA54AF000F3B753 /* EmojiPreview.swift in Sources */,
			);
			runOnlyForDeploymentPostprocessing = 0;
		};
		A986A6A92EB658DF00B6E0FA /* Sources */ = {
			isa = PBXSourcesBuildPhase;
			buildActionMask = 2147483647;
			files = (
				A986A6C32EB6598100B6E0FA /* FilterCategory.swift in Sources */,
				A986A6CD2EB659E000B6E0FA /* MessagesViewController.swift in Sources */,
				A986A6CE2EB659E000B6E0FA /* StickerBrowserDataSource.swift in Sources */,
				A986A6C52EB6599700B6E0FA /* ApiEmoji.swift in Sources */,
				A986A6C42EB6598500B6E0FA /* SlackResponse.swift in Sources */,
				A986A6C22EB6597600B6E0FA /* Emoji.swift in Sources */,
				A986A6C12EB6595F00B6E0FA /* EmojiHoarder.swift in Sources */,
			);
			runOnlyForDeploymentPostprocessing = 0;
		};
		A9B9A81F2EB2CCB5004C9245 /* Sources */ = {
			isa = PBXSourcesBuildPhase;
			buildActionMask = 2147483647;
			files = (
				A9104C7F2EB4022500D160EA /* MSSticker.swift in Sources */,
				A9B9A8302EB2CD0B004C9245 /* Emoji.swift in Sources */,
				A9B9A82F2EB2CCED004C9245 /* EmojiHoarder.swift in Sources */,
				A9B9A8322EB2CD29004C9245 /* SlackResponse.swift in Sources */,
				A9B9A82E2EB2CCBE004C9245 /* StickerSlackTests.swift in Sources */,
				A9B9A8312EB2CD14004C9245 /* FilterCategory.swift in Sources */,
				A9B9A8332EB2CD4B004C9245 /* ApiEmoji.swift in Sources */,
			);
			runOnlyForDeploymentPostprocessing = 0;
		};
/* End PBXSourcesBuildPhase section */

/* Begin PBXTargetDependency section */
		A986A6B92EB658E100B6E0FA /* PBXTargetDependency */ = {
			isa = PBXTargetDependency;
			target = A986A6AC2EB658DF00B6E0FA /* StickerSlackiMessageApp */;
			targetProxy = A986A6B82EB658E100B6E0FA /* PBXContainerItemProxy */;
		};
		A9B9A8282EB2CCB5004C9245 /* PBXTargetDependency */ = {
			isa = PBXTargetDependency;
			target = A949B1DE2EA04C0B00215164 /* StickerSlack */;
			targetProxy = A9B9A8272EB2CCB5004C9245 /* PBXContainerItemProxy */;
		};
/* End PBXTargetDependency section */

/* Begin PBXVariantGroup section */
		A986A6C92EB659E000B6E0FA /* MainInterface.storyboard */ = {
			isa = PBXVariantGroup;
			children = (
				A986A6C82EB659E000B6E0FA /* Base */,
			);
			name = MainInterface.storyboard;
			sourceTree = "<group>";
		};
/* End PBXVariantGroup section */

/* Begin XCBuildConfiguration section */
		A949B1E82EA04C0C00215164 /* Debug */ = {
			isa = XCBuildConfiguration;
			baseConfigurationReference = A9E2ECD72EB74CE00038B2D6 /* Config.xcconfig */;
			buildSettings = {
				ALWAYS_SEARCH_USER_PATHS = NO;
				ASSETCATALOG_COMPILER_GENERATE_SWIFT_ASSET_SYMBOL_EXTENSIONS = YES;
				CLANG_ANALYZER_NONNULL = YES;
				CLANG_ANALYZER_NUMBER_OBJECT_CONVERSION = YES_AGGRESSIVE;
				CLANG_CXX_LANGUAGE_STANDARD = "gnu++20";
				CLANG_ENABLE_MODULES = YES;
				CLANG_ENABLE_OBJC_ARC = YES;
				CLANG_ENABLE_OBJC_WEAK = YES;
				CLANG_WARN_BLOCK_CAPTURE_AUTORELEASING = YES;
				CLANG_WARN_BOOL_CONVERSION = YES;
				CLANG_WARN_COMMA = YES;
				CLANG_WARN_CONSTANT_CONVERSION = YES;
				CLANG_WARN_DEPRECATED_OBJC_IMPLEMENTATIONS = YES;
				CLANG_WARN_DIRECT_OBJC_ISA_USAGE = YES_ERROR;
				CLANG_WARN_DOCUMENTATION_COMMENTS = YES;
				CLANG_WARN_EMPTY_BODY = YES;
				CLANG_WARN_ENUM_CONVERSION = YES;
				CLANG_WARN_INFINITE_RECURSION = YES;
				CLANG_WARN_INT_CONVERSION = YES;
				CLANG_WARN_NON_LITERAL_NULL_CONVERSION = YES;
				CLANG_WARN_OBJC_IMPLICIT_RETAIN_SELF = YES;
				CLANG_WARN_OBJC_LITERAL_CONVERSION = YES;
				CLANG_WARN_OBJC_ROOT_CLASS = YES_ERROR;
				CLANG_WARN_QUOTED_INCLUDE_IN_FRAMEWORK_HEADER = YES;
				CLANG_WARN_RANGE_LOOP_ANALYSIS = YES;
				CLANG_WARN_STRICT_PROTOTYPES = YES;
				CLANG_WARN_SUSPICIOUS_MOVE = YES;
				CLANG_WARN_UNGUARDED_AVAILABILITY = YES_AGGRESSIVE;
				CLANG_WARN_UNREACHABLE_CODE = YES;
				CLANG_WARN__DUPLICATE_METHOD_MATCH = YES;
				COPY_PHASE_STRIP = NO;
				DEBUG_INFORMATION_FORMAT = dwarf;
				DEVELOPMENT_TEAM = 8JGND254B7;
				ENABLE_STRICT_OBJC_MSGSEND = YES;
				ENABLE_TESTABILITY = YES;
				ENABLE_USER_SCRIPT_SANDBOXING = YES;
				GCC_C_LANGUAGE_STANDARD = gnu17;
				GCC_DYNAMIC_NO_PIC = NO;
				GCC_NO_COMMON_BLOCKS = YES;
				GCC_OPTIMIZATION_LEVEL = 0;
				GCC_PREPROCESSOR_DEFINITIONS = (
					"DEBUG=1",
					"$(inherited)",
				);
				GCC_WARN_64_TO_32_BIT_CONVERSION = YES;
				GCC_WARN_ABOUT_RETURN_TYPE = YES_ERROR;
				GCC_WARN_UNDECLARED_SELECTOR = YES;
				GCC_WARN_UNINITIALIZED_AUTOS = YES_AGGRESSIVE;
				GCC_WARN_UNUSED_FUNCTION = YES;
				GCC_WARN_UNUSED_VARIABLE = YES;
				LOCALIZATION_PREFERS_STRING_CATALOGS = YES;
				MTL_ENABLE_DEBUG_INFO = INCLUDE_SOURCE;
				MTL_FAST_MATH = YES;
				ONLY_ACTIVE_ARCH = YES;
				SWIFT_ACTIVE_COMPILATION_CONDITIONS = "DEBUG $(inherited)";
				SWIFT_OPTIMIZATION_LEVEL = "-Onone";
			};
			name = Debug;
		};
		A949B1E92EA04C0C00215164 /* Release */ = {
			isa = XCBuildConfiguration;
			baseConfigurationReference = A9E2ECD72EB74CE00038B2D6 /* Config.xcconfig */;
			buildSettings = {
				ALWAYS_SEARCH_USER_PATHS = NO;
				ASSETCATALOG_COMPILER_GENERATE_SWIFT_ASSET_SYMBOL_EXTENSIONS = YES;
				CLANG_ANALYZER_NONNULL = YES;
				CLANG_ANALYZER_NUMBER_OBJECT_CONVERSION = YES_AGGRESSIVE;
				CLANG_CXX_LANGUAGE_STANDARD = "gnu++20";
				CLANG_ENABLE_MODULES = YES;
				CLANG_ENABLE_OBJC_ARC = YES;
				CLANG_ENABLE_OBJC_WEAK = YES;
				CLANG_WARN_BLOCK_CAPTURE_AUTORELEASING = YES;
				CLANG_WARN_BOOL_CONVERSION = YES;
				CLANG_WARN_COMMA = YES;
				CLANG_WARN_CONSTANT_CONVERSION = YES;
				CLANG_WARN_DEPRECATED_OBJC_IMPLEMENTATIONS = YES;
				CLANG_WARN_DIRECT_OBJC_ISA_USAGE = YES_ERROR;
				CLANG_WARN_DOCUMENTATION_COMMENTS = YES;
				CLANG_WARN_EMPTY_BODY = YES;
				CLANG_WARN_ENUM_CONVERSION = YES;
				CLANG_WARN_INFINITE_RECURSION = YES;
				CLANG_WARN_INT_CONVERSION = YES;
				CLANG_WARN_NON_LITERAL_NULL_CONVERSION = YES;
				CLANG_WARN_OBJC_IMPLICIT_RETAIN_SELF = YES;
				CLANG_WARN_OBJC_LITERAL_CONVERSION = YES;
				CLANG_WARN_OBJC_ROOT_CLASS = YES_ERROR;
				CLANG_WARN_QUOTED_INCLUDE_IN_FRAMEWORK_HEADER = YES;
				CLANG_WARN_RANGE_LOOP_ANALYSIS = YES;
				CLANG_WARN_STRICT_PROTOTYPES = YES;
				CLANG_WARN_SUSPICIOUS_MOVE = YES;
				CLANG_WARN_UNGUARDED_AVAILABILITY = YES_AGGRESSIVE;
				CLANG_WARN_UNREACHABLE_CODE = YES;
				CLANG_WARN__DUPLICATE_METHOD_MATCH = YES;
				COPY_PHASE_STRIP = NO;
				DEBUG_INFORMATION_FORMAT = "dwarf-with-dsym";
				DEVELOPMENT_TEAM = 8JGND254B7;
				ENABLE_NS_ASSERTIONS = NO;
				ENABLE_STRICT_OBJC_MSGSEND = YES;
				ENABLE_USER_SCRIPT_SANDBOXING = YES;
				GCC_C_LANGUAGE_STANDARD = gnu17;
				GCC_NO_COMMON_BLOCKS = YES;
				GCC_WARN_64_TO_32_BIT_CONVERSION = YES;
				GCC_WARN_ABOUT_RETURN_TYPE = YES_ERROR;
				GCC_WARN_UNDECLARED_SELECTOR = YES;
				GCC_WARN_UNINITIALIZED_AUTOS = YES_AGGRESSIVE;
				GCC_WARN_UNUSED_FUNCTION = YES;
				GCC_WARN_UNUSED_VARIABLE = YES;
				LOCALIZATION_PREFERS_STRING_CATALOGS = YES;
				MTL_ENABLE_DEBUG_INFO = NO;
				MTL_FAST_MATH = YES;
				SWIFT_COMPILATION_MODE = wholemodule;
			};
			name = Release;
		};
		A949B1EB2EA04C0C00215164 /* Debug */ = {
			isa = XCBuildConfiguration;
			buildSettings = {
				ASSETCATALOG_COMPILER_APPICON_NAME = StickerSlack;
				ASSETCATALOG_COMPILER_GLOBAL_ACCENT_COLOR_NAME = AccentColor;
				CODE_SIGN_ENTITLEMENTS = StickerSlack/StickerSlack.entitlements;
				CODE_SIGN_STYLE = Automatic;
				CURRENT_PROJECT_VERSION = "$(BUILD)";
				DEVELOPMENT_TEAM = 8JGND254B7;
				ENABLE_APP_SANDBOX = YES;
				ENABLE_HARDENED_RUNTIME = YES;
				ENABLE_PREVIEWS = YES;
				ENABLE_USER_SELECTED_FILES = readonly;
				GENERATE_INFOPLIST_FILE = YES;
				INFOPLIST_KEY_ITSAppUsesNonExemptEncryption = NO;
				"INFOPLIST_KEY_UIApplicationSceneManifest_Generation[sdk=iphoneos*]" = YES;
				"INFOPLIST_KEY_UIApplicationSceneManifest_Generation[sdk=iphonesimulator*]" = YES;
				"INFOPLIST_KEY_UIApplicationSupportsIndirectInputEvents[sdk=iphoneos*]" = YES;
				"INFOPLIST_KEY_UIApplicationSupportsIndirectInputEvents[sdk=iphonesimulator*]" = YES;
				"INFOPLIST_KEY_UILaunchScreen_Generation[sdk=iphoneos*]" = YES;
				"INFOPLIST_KEY_UILaunchScreen_Generation[sdk=iphonesimulator*]" = YES;
				"INFOPLIST_KEY_UIStatusBarStyle[sdk=iphoneos*]" = UIStatusBarStyleDefault;
				"INFOPLIST_KEY_UIStatusBarStyle[sdk=iphonesimulator*]" = UIStatusBarStyleDefault;
				INFOPLIST_KEY_UISupportedInterfaceOrientations_iPad = "UIInterfaceOrientationPortrait UIInterfaceOrientationPortraitUpsideDown UIInterfaceOrientationLandscapeLeft UIInterfaceOrientationLandscapeRight";
				INFOPLIST_KEY_UISupportedInterfaceOrientations_iPhone = "UIInterfaceOrientationPortrait UIInterfaceOrientationLandscapeLeft UIInterfaceOrientationLandscapeRight";
				IPHONEOS_DEPLOYMENT_TARGET = 15;
				LD_RUNPATH_SEARCH_PATHS = "@executable_path/Frameworks";
				"LD_RUNPATH_SEARCH_PATHS[sdk=macosx*]" = "@executable_path/../Frameworks";
				MACOSX_DEPLOYMENT_TARGET = 12;
				MARKETING_VERSION = "$(VERSION)";
				PRODUCT_BUNDLE_IDENTIFIER = com.neon443.StickerSlack;
				PRODUCT_NAME = "$(TARGET_NAME)";
				REGISTER_APP_GROUPS = YES;
				SDKROOT = auto;
				STRING_CATALOG_GENERATE_SYMBOLS = YES;
				SUPPORTED_PLATFORMS = "iphoneos iphonesimulator macosx xros xrsimulator";
				SWIFT_APPROACHABLE_CONCURRENCY = YES;
				SWIFT_DEFAULT_ACTOR_ISOLATION = MainActor;
				SWIFT_EMIT_LOC_STRINGS = YES;
				SWIFT_UPCOMING_FEATURE_MEMBER_IMPORT_VISIBILITY = YES;
				SWIFT_VERSION = 5.0;
				TARGETED_DEVICE_FAMILY = "1,2,7";
				XROS_DEPLOYMENT_TARGET = 1;
			};
			name = Debug;
		};
		A949B1EC2EA04C0C00215164 /* Release */ = {
			isa = XCBuildConfiguration;
			buildSettings = {
				ASSETCATALOG_COMPILER_APPICON_NAME = StickerSlack;
				ASSETCATALOG_COMPILER_GLOBAL_ACCENT_COLOR_NAME = AccentColor;
				CODE_SIGN_ENTITLEMENTS = StickerSlack/StickerSlack.entitlements;
				CODE_SIGN_STYLE = Automatic;
				CURRENT_PROJECT_VERSION = "$(BUILD)";
				DEVELOPMENT_TEAM = 8JGND254B7;
				ENABLE_APP_SANDBOX = YES;
				ENABLE_HARDENED_RUNTIME = YES;
				ENABLE_PREVIEWS = YES;
				ENABLE_USER_SELECTED_FILES = readonly;
				GENERATE_INFOPLIST_FILE = YES;
				INFOPLIST_KEY_ITSAppUsesNonExemptEncryption = NO;
				"INFOPLIST_KEY_UIApplicationSceneManifest_Generation[sdk=iphoneos*]" = YES;
				"INFOPLIST_KEY_UIApplicationSceneManifest_Generation[sdk=iphonesimulator*]" = YES;
				"INFOPLIST_KEY_UIApplicationSupportsIndirectInputEvents[sdk=iphoneos*]" = YES;
				"INFOPLIST_KEY_UIApplicationSupportsIndirectInputEvents[sdk=iphonesimulator*]" = YES;
				"INFOPLIST_KEY_UILaunchScreen_Generation[sdk=iphoneos*]" = YES;
				"INFOPLIST_KEY_UILaunchScreen_Generation[sdk=iphonesimulator*]" = YES;
				"INFOPLIST_KEY_UIStatusBarStyle[sdk=iphoneos*]" = UIStatusBarStyleDefault;
				"INFOPLIST_KEY_UIStatusBarStyle[sdk=iphonesimulator*]" = UIStatusBarStyleDefault;
				INFOPLIST_KEY_UISupportedInterfaceOrientations_iPad = "UIInterfaceOrientationPortrait UIInterfaceOrientationPortraitUpsideDown UIInterfaceOrientationLandscapeLeft UIInterfaceOrientationLandscapeRight";
				INFOPLIST_KEY_UISupportedInterfaceOrientations_iPhone = "UIInterfaceOrientationPortrait UIInterfaceOrientationLandscapeLeft UIInterfaceOrientationLandscapeRight";
				IPHONEOS_DEPLOYMENT_TARGET = 15;
				LD_RUNPATH_SEARCH_PATHS = "@executable_path/Frameworks";
				"LD_RUNPATH_SEARCH_PATHS[sdk=macosx*]" = "@executable_path/../Frameworks";
				MACOSX_DEPLOYMENT_TARGET = 12;
				MARKETING_VERSION = "$(VERSION)";
				PRODUCT_BUNDLE_IDENTIFIER = com.neon443.StickerSlack;
				PRODUCT_NAME = "$(TARGET_NAME)";
				REGISTER_APP_GROUPS = YES;
				SDKROOT = auto;
				STRING_CATALOG_GENERATE_SYMBOLS = YES;
				SUPPORTED_PLATFORMS = "iphoneos iphonesimulator macosx xros xrsimulator";
				SWIFT_APPROACHABLE_CONCURRENCY = YES;
				SWIFT_DEFAULT_ACTOR_ISOLATION = MainActor;
				SWIFT_EMIT_LOC_STRINGS = YES;
				SWIFT_UPCOMING_FEATURE_MEMBER_IMPORT_VISIBILITY = YES;
				SWIFT_VERSION = 5.0;
				TARGETED_DEVICE_FAMILY = "1,2,7";
				XROS_DEPLOYMENT_TARGET = 1;
			};
			name = Release;
		};
		A986A6BD2EB658E100B6E0FA /* Debug */ = {
			isa = XCBuildConfiguration;
			buildSettings = {
				ASSETCATALOG_COMPILER_APPICON_NAME = "iMessage App Icon";
				CODE_SIGN_ENTITLEMENTS = StickerSlackiMessageApp/StickerSlackiMessageApp.entitlements;
				CODE_SIGN_STYLE = Automatic;
				CURRENT_PROJECT_VERSION = "$(BUILD)";
				DEVELOPMENT_TEAM = 8JGND254B7;
				GENERATE_INFOPLIST_FILE = YES;
				INFOPLIST_FILE = StickerSlackiMessageApp/Info.plist;
				INFOPLIST_KEY_CFBundleDisplayName = StickerSlack;
				INFOPLIST_KEY_NSHumanReadableCopyright = "";
				IPHONEOS_DEPLOYMENT_TARGET = 15;
				LD_RUNPATH_SEARCH_PATHS = (
					"$(inherited)",
					"@executable_path/Frameworks",
					"@executable_path/../../Frameworks",
				);
				MARKETING_VERSION = "$(VERSION)";
				PRODUCT_BUNDLE_IDENTIFIER = com.neon443.StickerSlack.StickerSlackiMessageApp;
				PRODUCT_NAME = "$(TARGET_NAME)";
				SDKROOT = iphoneos;
				SKIP_INSTALL = YES;
				STRING_CATALOG_GENERATE_SYMBOLS = YES;
				SWIFT_APPROACHABLE_CONCURRENCY = YES;
				SWIFT_EMIT_LOC_STRINGS = YES;
				SWIFT_UPCOMING_FEATURE_MEMBER_IMPORT_VISIBILITY = YES;
				SWIFT_VERSION = 5.0;
				TARGETED_DEVICE_FAMILY = "1,2";
			};
			name = Debug;
		};
		A986A6BE2EB658E100B6E0FA /* Release */ = {
			isa = XCBuildConfiguration;
			buildSettings = {
				ASSETCATALOG_COMPILER_APPICON_NAME = "iMessage App Icon";
				CODE_SIGN_ENTITLEMENTS = StickerSlackiMessageApp/StickerSlackiMessageApp.entitlements;
				CODE_SIGN_STYLE = Automatic;
				CURRENT_PROJECT_VERSION = "$(BUILD)";
				DEVELOPMENT_TEAM = 8JGND254B7;
				GENERATE_INFOPLIST_FILE = YES;
				INFOPLIST_FILE = StickerSlackiMessageApp/Info.plist;
				INFOPLIST_KEY_CFBundleDisplayName = StickerSlack;
				INFOPLIST_KEY_NSHumanReadableCopyright = "";
				IPHONEOS_DEPLOYMENT_TARGET = 15;
				LD_RUNPATH_SEARCH_PATHS = (
					"$(inherited)",
					"@executable_path/Frameworks",
					"@executable_path/../../Frameworks",
				);
				MARKETING_VERSION = "$(VERSION)";
				PRODUCT_BUNDLE_IDENTIFIER = com.neon443.StickerSlack.StickerSlackiMessageApp;
				PRODUCT_NAME = "$(TARGET_NAME)";
				SDKROOT = iphoneos;
				SKIP_INSTALL = YES;
				STRING_CATALOG_GENERATE_SYMBOLS = YES;
				SWIFT_APPROACHABLE_CONCURRENCY = YES;
				SWIFT_EMIT_LOC_STRINGS = YES;
				SWIFT_UPCOMING_FEATURE_MEMBER_IMPORT_VISIBILITY = YES;
				SWIFT_VERSION = 5.0;
				TARGETED_DEVICE_FAMILY = "1,2";
				VALIDATE_PRODUCT = YES;
			};
			name = Release;
		};
		A9B9A82A2EB2CCB5004C9245 /* Debug */ = {
			isa = XCBuildConfiguration;
			buildSettings = {
				BUNDLE_LOADER = "$(TEST_HOST)";
				CODE_SIGN_STYLE = Automatic;
				CURRENT_PROJECT_VERSION = 1;
				DEVELOPMENT_TEAM = 8JGND254B7;
				GENERATE_INFOPLIST_FILE = YES;
				IPHONEOS_DEPLOYMENT_TARGET = 17;
				MARKETING_VERSION = 1.0;
				PRODUCT_BUNDLE_IDENTIFIER = com.neon443.StickerSlackTests;
				PRODUCT_NAME = "$(TARGET_NAME)";
				SDKROOT = iphoneos;
				STRING_CATALOG_GENERATE_SYMBOLS = NO;
				SWIFT_APPROACHABLE_CONCURRENCY = YES;
				SWIFT_EMIT_LOC_STRINGS = NO;
				SWIFT_UPCOMING_FEATURE_MEMBER_IMPORT_VISIBILITY = YES;
				SWIFT_VERSION = 5.0;
				TARGETED_DEVICE_FAMILY = "1,2";
				TEST_HOST = "$(BUILT_PRODUCTS_DIR)/StickerSlack.app/$(BUNDLE_EXECUTABLE_FOLDER_PATH)/StickerSlack";
			};
			name = Debug;
		};
		A9B9A82B2EB2CCB5004C9245 /* Release */ = {
			isa = XCBuildConfiguration;
			buildSettings = {
				BUNDLE_LOADER = "$(TEST_HOST)";
				CODE_SIGN_STYLE = Automatic;
				CURRENT_PROJECT_VERSION = 1;
				DEVELOPMENT_TEAM = 8JGND254B7;
				GENERATE_INFOPLIST_FILE = YES;
				IPHONEOS_DEPLOYMENT_TARGET = 17;
				MARKETING_VERSION = 1.0;
				PRODUCT_BUNDLE_IDENTIFIER = com.neon443.StickerSlackTests;
				PRODUCT_NAME = "$(TARGET_NAME)";
				SDKROOT = iphoneos;
				STRING_CATALOG_GENERATE_SYMBOLS = NO;
				SWIFT_APPROACHABLE_CONCURRENCY = YES;
				SWIFT_EMIT_LOC_STRINGS = NO;
				SWIFT_UPCOMING_FEATURE_MEMBER_IMPORT_VISIBILITY = YES;
				SWIFT_VERSION = 5.0;
				TARGETED_DEVICE_FAMILY = "1,2";
				TEST_HOST = "$(BUILT_PRODUCTS_DIR)/StickerSlack.app/$(BUNDLE_EXECUTABLE_FOLDER_PATH)/StickerSlack";
				VALIDATE_PRODUCT = YES;
			};
			name = Release;
		};
/* End XCBuildConfiguration section */

/* Begin XCConfigurationList section */
		A949B1DA2EA04C0B00215164 /* Build configuration list for PBXProject "StickerSlack" */ = {
			isa = XCConfigurationList;
			buildConfigurations = (
				A949B1E82EA04C0C00215164 /* Debug */,
				A949B1E92EA04C0C00215164 /* Release */,
			);
			defaultConfigurationIsVisible = 0;
			defaultConfigurationName = Release;
		};
		A949B1EA2EA04C0C00215164 /* Build configuration list for PBXNativeTarget "StickerSlack" */ = {
			isa = XCConfigurationList;
			buildConfigurations = (
				A949B1EB2EA04C0C00215164 /* Debug */,
				A949B1EC2EA04C0C00215164 /* Release */,
			);
			defaultConfigurationIsVisible = 0;
			defaultConfigurationName = Release;
		};
		A986A6BC2EB658E100B6E0FA /* Build configuration list for PBXNativeTarget "StickerSlackiMessageApp" */ = {
			isa = XCConfigurationList;
			buildConfigurations = (
				A986A6BD2EB658E100B6E0FA /* Debug */,
				A986A6BE2EB658E100B6E0FA /* Release */,
			);
			defaultConfigurationIsVisible = 0;
			defaultConfigurationName = Release;
		};
		A9B9A8292EB2CCB5004C9245 /* Build configuration list for PBXNativeTarget "StickerSlackTests" */ = {
			isa = XCConfigurationList;
			buildConfigurations = (
				A9B9A82A2EB2CCB5004C9245 /* Debug */,
				A9B9A82B2EB2CCB5004C9245 /* Release */,
			);
			defaultConfigurationIsVisible = 0;
			defaultConfigurationName = Release;
		};
/* End XCConfigurationList section */

/* Begin XCRemoteSwiftPackageReference section */
		A9112EAA2EAFFDB0006739E2 /* XCRemoteSwiftPackageReference "Haptics" */ = {
			isa = XCRemoteSwiftPackageReference;
			repositoryURL = "https://github.com/neon443/Haptics";
			requirement = {
				branch = main;
				kind = branch;
			};
		};
/* End XCRemoteSwiftPackageReference section */

/* Begin XCSwiftPackageProductDependency section */
		A9112EAB2EAFFDB0006739E2 /* Haptics */ = {
			isa = XCSwiftPackageProductDependency;
			package = A9112EAA2EAFFDB0006739E2 /* XCRemoteSwiftPackageReference "Haptics" */;
			productName = Haptics;
		};
		A924C3772EA9225800F20781 /* Haptics */ = {
			isa = XCSwiftPackageProductDependency;
			productName = Haptics;
		};
/* End XCSwiftPackageProductDependency section */
	};
	rootObject = A949B1D72EA04C0B00215164 /* Project object */;
}
